
Microsoft Visual Studio Solution File, Format Version 12.00
# Visual Studio 2012
Project("{FAE04EC0-301F-11D3-BF4B-00C04F79EFBC}") = "Homework-1", "Homework-1\Homework-1.csproj", "{DDDD7AA9-6D02-4392-A499-A899DCDFB91C}"
EndProject
Project("{FAE04EC0-301F-11D3-BF4B-00C04F79EFBC}") = "Homework-1.iOS", "iOS\Homework-1.iOS.csproj", "{B593E109-80CE-45A9-AC2A-979FD05395B5}"
EndProject
Project("{FAE04EC0-301F-11D3-BF4B-00C04F79EFBC}") = "Homework-1.Droid", "Droid\Homework-1.Droid.csproj", "{3083257F-721A-4F7F-AAA7-18423FE0ED33}"
EndProject
Global
	GlobalSection(SolutionConfigurationPlatforms) = preSolution
		Debug|Any CPU = Debug|Any CPU
		Release|Any CPU = Release|Any CPU
		Debug|iPhoneSimulator = Debug|iPhoneSimulator
		Release|iPhone = Release|iPhone
		Release|iPhoneSimulator = Release|iPhoneSimulator
		Debug|iPhone = Debug|iPhone
	EndGlobalSection
	GlobalSection(ProjectConfigurationPlatforms) = postSolution
		{DDDD7AA9-6D02-4392-A499-A899DCDFB91C}.Debug|Any CPU.ActiveCfg = Debug|Any CPU
		{DDDD7AA9-6D02-4392-A499-A899DCDFB91C}.Debug|Any CPU.Build.0 = Debug|Any CPU
		{DDDD7AA9-6D02-4392-A499-A899DCDFB91C}.Release|Any CPU.ActiveCfg = Release|Any CPU
		{DDDD7AA9-6D02-4392-A499-A899DCDFB91C}.Release|Any CPU.Build.0 = Release|Any CPU
		{DDDD7AA9-6D02-4392-A499-A899DCDFB91C}.Debug|iPhoneSimulator.ActiveCfg = Debug|Any CPU
		{DDDD7AA9-6D02-4392-A499-A899DCDFB91C}.Debug|iPhoneSimulator.Build.0 = Debug|Any CPU
		{DDDD7AA9-6D02-4392-A499-A899DCDFB91C}.Release|iPhone.ActiveCfg = Release|Any CPU
		{DDDD7AA9-6D02-4392-A499-A899DCDFB91C}.Release|iPhone.Build.0 = Release|Any CPU
		{DDDD7AA9-6D02-4392-A499-A899DCDFB91C}.Release|iPhoneSimulator.ActiveCfg = Release|Any CPU
		{DDDD7AA9-6D02-4392-A499-A899DCDFB91C}.Release|iPhoneSimulator.Build.0 = Release|Any CPU
		{DDDD7AA9-6D02-4392-A499-A899DCDFB91C}.Debug|iPhone.ActiveCfg = Debug|Any CPU
		{DDDD7AA9-6D02-4392-A499-A899DCDFB91C}.Debug|iPhone.Build.0 = Debug|Any CPU
		{B593E109-80CE-45A9-AC2A-979FD05395B5}.Debug|Any CPU.ActiveCfg = Debug|iPhoneSimulator
		{B593E109-80CE-45A9-AC2A-979FD05395B5}.Debug|Any CPU.Build.0 = Debug|iPhoneSimulator
		{B593E109-80CE-45A9-AC2A-979FD05395B5}.Release|Any CPU.ActiveCfg = Release|iPhone
		{B593E109-80CE-45A9-AC2A-979FD05395B5}.Release|Any CPU.Build.0 = Release|iPhone
		{B593E109-80CE-45A9-AC2A-979FD05395B5}.Debug|iPhoneSimulator.ActiveCfg = Debug|iPhoneSimulator
		{B593E109-80CE-45A9-AC2A-979FD05395B5}.Debug|iPhoneSimulator.Build.0 = Debug|iPhoneSimulator
		{B593E109-80CE-45A9-AC2A-979FD05395B5}.Release|iPhone.ActiveCfg = Release|iPhone
		{B593E109-80CE-45A9-AC2A-979FD05395B5}.Release|iPhone.Build.0 = Release|iPhone
		{B593E109-80CE-45A9-AC2A-979FD05395B5}.Release|iPhoneSimulator.ActiveCfg = Release|iPhoneSimulator
		{B593E109-80CE-45A9-AC2A-979FD05395B5}.Release|iPhoneSimulator.Build.0 = Release|iPhoneSimulator
		{B593E109-80CE-45A9-AC2A-979FD05395B5}.Debug|iPhone.ActiveCfg = Debug|iPhone
		{B593E109-80CE-45A9-AC2A-979FD05395B5}.Debug|iPhone.Build.0 = Debug|iPhone
		{3083257F-721A-4F7F-AAA7-18423FE0ED33}.Debug|Any CPU.ActiveCfg = Debug|Any CPU
		{3083257F-721A-4F7F-AAA7-18423FE0ED33}.Debug|Any CPU.Build.0 = Debug|Any CPU
		{3083257F-721A-4F7F-AAA7-18423FE0ED33}.Release|Any CPU.ActiveCfg = Release|Any CPU
		{3083257F-721A-4F7F-AAA7-18423FE0ED33}.Release|Any CPU.Build.0 = Release|Any CPU
		{3083257F-721A-4F7F-AAA7-18423FE0ED33}.Debug|iPhoneSimulator.ActiveCfg = Debug|Any CPU
		{3083257F-721A-4F7F-AAA7-18423FE0ED33}.Debug|iPhoneSimulator.Build.0 = Debug|Any CPU
		{3083257F-721A-4F7F-AAA7-18423FE0ED33}.Release|iPhone.ActiveCfg = Release|Any CPU
		{3083257F-721A-4F7F-AAA7-18423FE0ED33}.Release|iPhone.Build.0 = Release|Any CPU
		{3083257F-721A-4F7F-AAA7-18423FE0ED33}.Release|iPhoneSimulator.ActiveCfg = Release|Any CPU
		{3083257F-721A-4F7F-AAA7-18423FE0ED33}.Release|iPhoneSimulator.Build.0 = Release|Any CPU
		{3083257F-721A-4F7F-AAA7-18423FE0ED33}.Debug|iPhone.ActiveCfg = Debug|Any CPU
		{3083257F-721A-4F7F-AAA7-18423FE0ED33}.Debug|iPhone.Build.0 = Debug|Any CPU
	EndGlobalSection
EndGlobal
