
Microsoft Visual Studio Solution File, Format Version 12.00
# Visual Studio 2012
Project("{FAE04EC0-301F-11D3-BF4B-00C04F79EFBC}") = "Homework-Week1-plus", "Homework-Week1-plus\Homework-Week1-plus.csproj", "{EEA8912A-9CA1-4EA0-8489-DD7B5E6A557B}"
EndProject
Project("{FAE04EC0-301F-11D3-BF4B-00C04F79EFBC}") = "Homework-Week1-plus.iOS", "iOS\Homework-Week1-plus.iOS.csproj", "{B5F1E952-385E-411C-AB4B-806B0E2B5753}"
EndProject
Project("{FAE04EC0-301F-11D3-BF4B-00C04F79EFBC}") = "Homework-Week1-plus.Droid", "Droid\Homework-Week1-plus.Droid.csproj", "{FD58F8FF-EBFB-46BA-A913-D73FFEDCDEB8}"
EndProject
Global
	GlobalSection(SolutionConfigurationPlatforms) = preSolution
		Debug|Any CPU = Debug|Any CPU
		Release|Any CPU = Release|Any CPU
		Debug|iPhoneSimulator = Debug|iPhoneSimulator
		Release|iPhone = Release|iPhone
		Release|iPhoneSimulator = Release|iPhoneSimulator
		Debug|iPhone = Debug|iPhone
	EndGlobalSection
	GlobalSection(ProjectConfigurationPlatforms) = postSolution
		{EEA8912A-9CA1-4EA0-8489-DD7B5E6A557B}.Debug|Any CPU.ActiveCfg = Debug|Any CPU
		{EEA8912A-9CA1-4EA0-8489-DD7B5E6A557B}.Debug|Any CPU.Build.0 = Debug|Any CPU
		{EEA8912A-9CA1-4EA0-8489-DD7B5E6A557B}.Release|Any CPU.ActiveCfg = Release|Any CPU
		{EEA8912A-9CA1-4EA0-8489-DD7B5E6A557B}.Release|Any CPU.Build.0 = Release|Any CPU
		{EEA8912A-9CA1-4EA0-8489-DD7B5E6A557B}.Debug|iPhoneSimulator.ActiveCfg = Debug|Any CPU
		{EEA8912A-9CA1-4EA0-8489-DD7B5E6A557B}.Debug|iPhoneSimulator.Build.0 = Debug|Any CPU
		{EEA8912A-9CA1-4EA0-8489-DD7B5E6A557B}.Release|iPhone.ActiveCfg = Release|Any CPU
		{EEA8912A-9CA1-4EA0-8489-DD7B5E6A557B}.Release|iPhone.Build.0 = Release|Any CPU
		{EEA8912A-9CA1-4EA0-8489-DD7B5E6A557B}.Release|iPhoneSimulator.ActiveCfg = Release|Any CPU
		{EEA8912A-9CA1-4EA0-8489-DD7B5E6A557B}.Release|iPhoneSimulator.Build.0 = Release|Any CPU
		{EEA8912A-9CA1-4EA0-8489-DD7B5E6A557B}.Debug|iPhone.ActiveCfg = Debug|Any CPU
		{EEA8912A-9CA1-4EA0-8489-DD7B5E6A557B}.Debug|iPhone.Build.0 = Debug|Any CPU
		{B5F1E952-385E-411C-AB4B-806B0E2B5753}.Debug|Any CPU.ActiveCfg = Debug|iPhoneSimulator
		{B5F1E952-385E-411C-AB4B-806B0E2B5753}.Debug|Any CPU.Build.0 = Debug|iPhoneSimulator
		{B5F1E952-385E-411C-AB4B-806B0E2B5753}.Release|Any CPU.ActiveCfg = Release|iPhone
		{B5F1E952-385E-411C-AB4B-806B0E2B5753}.Release|Any CPU.Build.0 = Release|iPhone
		{B5F1E952-385E-411C-AB4B-806B0E2B5753}.Debug|iPhoneSimulator.ActiveCfg = Debug|iPhoneSimulator
		{B5F1E952-385E-411C-AB4B-806B0E2B5753}.Debug|iPhoneSimulator.Build.0 = Debug|iPhoneSimulator
		{B5F1E952-385E-411C-AB4B-806B0E2B5753}.Release|iPhone.ActiveCfg = Release|iPhone
		{B5F1E952-385E-411C-AB4B-806B0E2B5753}.Release|iPhone.Build.0 = Release|iPhone
		{B5F1E952-385E-411C-AB4B-806B0E2B5753}.Release|iPhoneSimulator.ActiveCfg = Release|iPhoneSimulator
		{B5F1E952-385E-411C-AB4B-806B0E2B5753}.Release|iPhoneSimulator.Build.0 = Release|iPhoneSimulator
		{B5F1E952-385E-411C-AB4B-806B0E2B5753}.Debug|iPhone.ActiveCfg = Debug|iPhone
		{B5F1E952-385E-411C-AB4B-806B0E2B5753}.Debug|iPhone.Build.0 = Debug|iPhone
		{FD58F8FF-EBFB-46BA-A913-D73FFEDCDEB8}.Debug|Any CPU.ActiveCfg = Debug|Any CPU
		{FD58F8FF-EBFB-46BA-A913-D73FFEDCDEB8}.Debug|Any CPU.Build.0 = Debug|Any CPU
		{FD58F8FF-EBFB-46BA-A913-D73FFEDCDEB8}.Release|Any CPU.ActiveCfg = Release|Any CPU
		{FD58F8FF-EBFB-46BA-A913-D73FFEDCDEB8}.Release|Any CPU.Build.0 = Release|Any CPU
		{FD58F8FF-EBFB-46BA-A913-D73FFEDCDEB8}.Debug|iPhoneSimulator.ActiveCfg = Debug|Any CPU
		{FD58F8FF-EBFB-46BA-A913-D73FFEDCDEB8}.Debug|iPhoneSimulator.Build.0 = Debug|Any CPU
		{FD58F8FF-EBFB-46BA-A913-D73FFEDCDEB8}.Release|iPhone.ActiveCfg = Release|Any CPU
		{FD58F8FF-EBFB-46BA-A913-D73FFEDCDEB8}.Release|iPhone.Build.0 = Release|Any CPU
		{FD58F8FF-EBFB-46BA-A913-D73FFEDCDEB8}.Release|iPhoneSimulator.ActiveCfg = Release|Any CPU
		{FD58F8FF-EBFB-46BA-A913-D73FFEDCDEB8}.Release|iPhoneSimulator.Build.0 = Release|Any CPU
		{FD58F8FF-EBFB-46BA-A913-D73FFEDCDEB8}.Debug|iPhone.ActiveCfg = Debug|Any CPU
		{FD58F8FF-EBFB-46BA-A913-D73FFEDCDEB8}.Debug|iPhone.Build.0 = Debug|Any CPU
	EndGlobalSection
EndGlobal
